
Microsoft Visual Studio Solution File, Format Version 12.00
# Visual Studio Version 16
VisualStudioVersion = 16.0.30523.141
MinimumVisualStudioVersion = 10.0.40219.1
Project("{8BC9CEB8-8B4A-11D0-8D11-00A0C91BC942}") = "sorting", "sorting.vcxproj", "{696A1E27-0C1F-4D6D-872B-4B5F326C7E38}"
EndProject
Project("{2150E333-8FDC-42A3-9474-1A3956D46DE8}") = "Solution Items", "Solution Items", "{585E4BE7-8C64-45E5-A118-667CC8160845}"
EndProject
Global
	GlobalSection(SolutionConfigurationPlatforms) = preSolution
		Debug|x64 = Debug|x64
		Debug|x86 = Debug|x86
		Release|x64 = Release|x64
		Release|x86 = Release|x86
	EndGlobalSection
	GlobalSection(ProjectConfigurationPlatforms) = postSolution
		{696A1E27-0C1F-4D6D-872B-4B5F326C7E38}.Debug|x64.ActiveCfg = Debug|x64
		{696A1E27-0C1F-4D6D-872B-4B5F326C7E38}.Debug|x64.Build.0 = Debug|x64
		{696A1E27-0C1F-4D6D-872B-4B5F326C7E38}.Debug|x86.ActiveCfg = Debug|Win32
		{696A1E27-0C1F-4D6D-872B-4B5F326C7E38}.Debug|x86.Build.0 = Debug|Win32
		{696A1E27-0C1F-4D6D-872B-4B5F326C7E38}.Release|x64.ActiveCfg = Release|x64
		{696A1E27-0C1F-4D6D-872B-4B5F326C7E38}.Release|x64.Build.0 = Release|x64
		{696A1E27-0C1F-4D6D-872B-4B5F326C7E38}.Release|x86.ActiveCfg = Release|Win32
		{696A1E27-0C1F-4D6D-872B-4B5F326C7E38}.Release|x86.Build.0 = Release|Win32
	EndGlobalSection
	GlobalSection(SolutionProperties) = preSolution
		HideSolutionNode = FALSE
	EndGlobalSection
	GlobalSection(ExtensibilityGlobals) = postSolution
		SolutionGuid = {8FFE8E2C-4DF1-4104-8B0D-FB9CCD15FA7B}
	EndGlobalSection
EndGlobal
